// !$*UTF8*$!
{
	archiveVersion = 1;
	classes = {
	};
	objectVersion = 55;
	objects = {

/* Begin PBXBuildFile section */
		B368886B28535BF200DA3E74 /* AppDelegate.swift in Sources */ = {isa = PBXBuildFile; fileRef = B368886A28535BF200DA3E74 /* AppDelegate.swift */; };
		B368887428535BF300DA3E74 /* Assets.xcassets in Resources */ = {isa = PBXBuildFile; fileRef = B368887328535BF300DA3E74 /* Assets.xcassets */; };
		B368887728535BF300DA3E74 /* LaunchScreen.storyboard in Resources */ = {isa = PBXBuildFile; fileRef = B368887528535BF300DA3E74 /* LaunchScreen.storyboard */; };
		B368888228535BF400DA3E74 /* CoordinatorPatternExampleProjectTests.swift in Sources */ = {isa = PBXBuildFile; fileRef = B368888128535BF400DA3E74 /* CoordinatorPatternExampleProjectTests.swift */; };
		B368888C28535BF400DA3E74 /* CoordinatorPatternExampleProjectUITests.swift in Sources */ = {isa = PBXBuildFile; fileRef = B368888B28535BF400DA3E74 /* CoordinatorPatternExampleProjectUITests.swift */; };
		B368888E28535BF400DA3E74 /* CoordinatorPatternExampleProjectUITestsLaunchTests.swift in Sources */ = {isa = PBXBuildFile; fileRef = B368888D28535BF400DA3E74 /* CoordinatorPatternExampleProjectUITestsLaunchTests.swift */; };
		B368889C28535C6500DA3E74 /* Coordinator.swift in Sources */ = {isa = PBXBuildFile; fileRef = B368889B28535C6500DA3E74 /* Coordinator.swift */; };
		B368889E28535CBF00DA3E74 /* AppCoordinator.swift in Sources */ = {isa = PBXBuildFile; fileRef = B368889D28535CBF00DA3E74 /* AppCoordinator.swift */; };
		B36D54C328538093005256AE /* HomeViewController.swift in Sources */ = {isa = PBXBuildFile; fileRef = B36D54C128538093005256AE /* HomeViewController.swift */; };
		B36D54C428538093005256AE /* HomeViewController.xib in Resources */ = {isa = PBXBuildFile; fileRef = B36D54C228538093005256AE /* HomeViewController.xib */; };
		B36D54CA2853835A005256AE /* DetailViewCoordinator.swift in Sources */ = {isa = PBXBuildFile; fileRef = B36D54C92853835A005256AE /* DetailViewCoordinator.swift */; };
		B36D54CF285383F5005256AE /* CreateViewController.swift in Sources */ = {isa = PBXBuildFile; fileRef = B36D54CD285383F5005256AE /* CreateViewController.swift */; };
		B36D54D0285383F5005256AE /* CreateViewController.xib in Resources */ = {isa = PBXBuildFile; fileRef = B36D54CE285383F5005256AE /* CreateViewController.xib */; };
		B36D54D228538409005256AE /* CreateViewCoordinator.swift in Sources */ = {isa = PBXBuildFile; fileRef = B36D54D128538409005256AE /* CreateViewCoordinator.swift */; };
		B36D54D528538474005256AE /* DetailViewController.swift in Sources */ = {isa = PBXBuildFile; fileRef = B36D54D328538474005256AE /* DetailViewController.swift */; };
		B36D54D628538474005256AE /* DetailViewController.xib in Resources */ = {isa = PBXBuildFile; fileRef = B36D54D428538474005256AE /* DetailViewController.xib */; };
/* End PBXBuildFile section */

/* Begin PBXContainerItemProxy section */
		B368887E28535BF400DA3E74 /* PBXContainerItemProxy */ = {
			isa = PBXContainerItemProxy;
			containerPortal = B368885F28535BF200DA3E74 /* Project object */;
			proxyType = 1;
			remoteGlobalIDString = B368886628535BF200DA3E74;
			remoteInfo = CoordinatorPatternExampleProject;
		};
		B368888828535BF400DA3E74 /* PBXContainerItemProxy */ = {
			isa = PBXContainerItemProxy;
			containerPortal = B368885F28535BF200DA3E74 /* Project object */;
			proxyType = 1;
			remoteGlobalIDString = B368886628535BF200DA3E74;
			remoteInfo = CoordinatorPatternExampleProject;
		};
/* End PBXContainerItemProxy section */

/* Begin PBXFileReference section */
		B368886728535BF200DA3E74 /* CoordinatorPatternExampleProject.app */ = {isa = PBXFileReference; explicitFileType = wrapper.application; includeInIndex = 0; path = CoordinatorPatternExampleProject.app; sourceTree = BUILT_PRODUCTS_DIR; };
		B368886A28535BF200DA3E74 /* AppDelegate.swift */ = {isa = PBXFileReference; lastKnownFileType = sourcecode.swift; path = AppDelegate.swift; sourceTree = "<group>"; };
		B368887328535BF300DA3E74 /* Assets.xcassets */ = {isa = PBXFileReference; lastKnownFileType = folder.assetcatalog; path = Assets.xcassets; sourceTree = "<group>"; };
		B368887628535BF300DA3E74 /* Base */ = {isa = PBXFileReference; lastKnownFileType = file.storyboard; name = Base; path = Base.lproj/LaunchScreen.storyboard; sourceTree = "<group>"; };
		B368887828535BF300DA3E74 /* Info.plist */ = {isa = PBXFileReference; lastKnownFileType = text.plist.xml; path = Info.plist; sourceTree = "<group>"; };
		B368887D28535BF400DA3E74 /* CoordinatorPatternExampleProjectTests.xctest */ = {isa = PBXFileReference; explicitFileType = wrapper.cfbundle; includeInIndex = 0; path = CoordinatorPatternExampleProjectTests.xctest; sourceTree = BUILT_PRODUCTS_DIR; };
		B368888128535BF400DA3E74 /* CoordinatorPatternExampleProjectTests.swift */ = {isa = PBXFileReference; lastKnownFileType = sourcecode.swift; path = CoordinatorPatternExampleProjectTests.swift; sourceTree = "<group>"; };
		B368888728535BF400DA3E74 /* CoordinatorPatternExampleProjectUITests.xctest */ = {isa = PBXFileReference; explicitFileType = wrapper.cfbundle; includeInIndex = 0; path = CoordinatorPatternExampleProjectUITests.xctest; sourceTree = BUILT_PRODUCTS_DIR; };
		B368888B28535BF400DA3E74 /* CoordinatorPatternExampleProjectUITests.swift */ = {isa = PBXFileReference; lastKnownFileType = sourcecode.swift; path = CoordinatorPatternExampleProjectUITests.swift; sourceTree = "<group>"; };
		B368888D28535BF400DA3E74 /* CoordinatorPatternExampleProjectUITestsLaunchTests.swift */ = {isa = PBXFileReference; lastKnownFileType = sourcecode.swift; path = CoordinatorPatternExampleProjectUITestsLaunchTests.swift; sourceTree = "<group>"; };
		B368889B28535C6500DA3E74 /* Coordinator.swift */ = {isa = PBXFileReference; lastKnownFileType = sourcecode.swift; path = Coordinator.swift; sourceTree = "<group>"; };
		B368889D28535CBF00DA3E74 /* AppCoordinator.swift */ = {isa = PBXFileReference; lastKnownFileType = sourcecode.swift; path = AppCoordinator.swift; sourceTree = "<group>"; };
		B36D54C128538093005256AE /* HomeViewController.swift */ = {isa = PBXFileReference; lastKnownFileType = sourcecode.swift; path = HomeViewController.swift; sourceTree = "<group>"; };
		B36D54C228538093005256AE /* HomeViewController.xib */ = {isa = PBXFileReference; lastKnownFileType = file.xib; path = HomeViewController.xib; sourceTree = "<group>"; };
		B36D54C92853835A005256AE /* DetailViewCoordinator.swift */ = {isa = PBXFileReference; lastKnownFileType = sourcecode.swift; path = DetailViewCoordinator.swift; sourceTree = "<group>"; };
		B36D54CD285383F5005256AE /* CreateViewController.swift */ = {isa = PBXFileReference; lastKnownFileType = sourcecode.swift; path = CreateViewController.swift; sourceTree = "<group>"; };
		B36D54CE285383F5005256AE /* CreateViewController.xib */ = {isa = PBXFileReference; lastKnownFileType = file.xib; path = CreateViewController.xib; sourceTree = "<group>"; };
		B36D54D128538409005256AE /* CreateViewCoordinator.swift */ = {isa = PBXFileReference; lastKnownFileType = sourcecode.swift; path = CreateViewCoordinator.swift; sourceTree = "<group>"; };
		B36D54D328538474005256AE /* DetailViewController.swift */ = {isa = PBXFileReference; lastKnownFileType = sourcecode.swift; path = DetailViewController.swift; sourceTree = "<group>"; };
		B36D54D428538474005256AE /* DetailViewController.xib */ = {isa = PBXFileReference; lastKnownFileType = file.xib; path = DetailViewController.xib; sourceTree = "<group>"; };
/* End PBXFileReference section */

/* Begin PBXFrameworksBuildPhase section */
		B368886428535BF200DA3E74 /* Frameworks */ = {
			isa = PBXFrameworksBuildPhase;
			buildActionMask = 2147483647;
			files = (
			);
			runOnlyForDeploymentPostprocessing = 0;
		};
		B368887A28535BF400DA3E74 /* Frameworks */ = {
			isa = PBXFrameworksBuildPhase;
			buildActionMask = 2147483647;
			files = (
			);
			runOnlyForDeploymentPostprocessing = 0;
		};
		B368888428535BF400DA3E74 /* Frameworks */ = {
			isa = PBXFrameworksBuildPhase;
			buildActionMask = 2147483647;
			files = (
			);
			runOnlyForDeploymentPostprocessing = 0;
		};
/* End PBXFrameworksBuildPhase section */

/* Begin PBXGroup section */
		B366CA0B28537337009E6944 /* Scenes */ = {
			isa = PBXGroup;
			children = (
				B36D54C62853820D005256AE /* Create */,
				B36D54C528538208005256AE /* Detail */,
				B366CA0C2853734B009E6944 /* Home */,
			);
			path = Scenes;
			sourceTree = "<group>";
		};
		B366CA0C2853734B009E6944 /* Home */ = {
			isa = PBXGroup;
			children = (
				B36D54C128538093005256AE /* HomeViewController.swift */,
				B36D54C228538093005256AE /* HomeViewController.xib */,
			);
			path = Home;
			sourceTree = "<group>";
		};
		B368885E28535BF200DA3E74 = {
			isa = PBXGroup;
			children = (
				B368886928535BF200DA3E74 /* CoordinatorPatternExampleProject */,
				B368888028535BF400DA3E74 /* CoordinatorPatternExampleProjectTests */,
				B368888A28535BF400DA3E74 /* CoordinatorPatternExampleProjectUITests */,
				B368886828535BF200DA3E74 /* Products */,
			);
			sourceTree = "<group>";
		};
		B368886828535BF200DA3E74 /* Products */ = {
			isa = PBXGroup;
			children = (
				B368886728535BF200DA3E74 /* CoordinatorPatternExampleProject.app */,
				B368887D28535BF400DA3E74 /* CoordinatorPatternExampleProjectTests.xctest */,
				B368888728535BF400DA3E74 /* CoordinatorPatternExampleProjectUITests.xctest */,
			);
			name = Products;
			sourceTree = "<group>";
		};
		B368886928535BF200DA3E74 /* CoordinatorPatternExampleProject */ = {
			isa = PBXGroup;
			children = (
				B366CA0B28537337009E6944 /* Scenes */,
				B368889A28535C4500DA3E74 /* Coordinators */,
				B368886A28535BF200DA3E74 /* AppDelegate.swift */,
				B368887328535BF300DA3E74 /* Assets.xcassets */,
				B368887528535BF300DA3E74 /* LaunchScreen.storyboard */,
				B368887828535BF300DA3E74 /* Info.plist */,
			);
			path = CoordinatorPatternExampleProject;
			sourceTree = "<group>";
		};
		B368888028535BF400DA3E74 /* CoordinatorPatternExampleProjectTests */ = {
			isa = PBXGroup;
			children = (
				B368888128535BF400DA3E74 /* CoordinatorPatternExampleProjectTests.swift */,
			);
			path = CoordinatorPatternExampleProjectTests;
			sourceTree = "<group>";
		};
		B368888A28535BF400DA3E74 /* CoordinatorPatternExampleProjectUITests */ = {
			isa = PBXGroup;
			children = (
				B368888B28535BF400DA3E74 /* CoordinatorPatternExampleProjectUITests.swift */,
				B368888D28535BF400DA3E74 /* CoordinatorPatternExampleProjectUITestsLaunchTests.swift */,
			);
			path = CoordinatorPatternExampleProjectUITests;
			sourceTree = "<group>";
		};
		B368889A28535C4500DA3E74 /* Coordinators */ = {
			isa = PBXGroup;
			children = (
				B368889B28535C6500DA3E74 /* Coordinator.swift */,
				B368889D28535CBF00DA3E74 /* AppCoordinator.swift */,
			);
			path = Coordinators;
			sourceTree = "<group>";
		};
		B36D54C528538208005256AE /* Detail */ = {
			isa = PBXGroup;
			children = (
				B36D54CB285383DF005256AE /* View */,
				B36D54C728538215005256AE /* Coordinator */,
			);
			path = Detail;
			sourceTree = "<group>";
		};
		B36D54C62853820D005256AE /* Create */ = {
			isa = PBXGroup;
			children = (
				B36D54CC285383E2005256AE /* View */,
				B36D54C82853821C005256AE /* Coordinator */,
			);
			path = Create;
			sourceTree = "<group>";
		};
		B36D54C728538215005256AE /* Coordinator */ = {
			isa = PBXGroup;
			children = (
				B36D54C92853835A005256AE /* DetailViewCoordinator.swift */,
			);
			path = Coordinator;
			sourceTree = "<group>";
		};
		B36D54C82853821C005256AE /* Coordinator */ = {
			isa = PBXGroup;
			children = (
				B36D54D128538409005256AE /* CreateViewCoordinator.swift */,
			);
			path = Coordinator;
			sourceTree = "<group>";
		};
		B36D54CB285383DF005256AE /* View */ = {
			isa = PBXGroup;
			children = (
				B36D54D328538474005256AE /* DetailViewController.swift */,
				B36D54D428538474005256AE /* DetailViewController.xib */,
			);
			path = View;
			sourceTree = "<group>";
		};
		B36D54CC285383E2005256AE /* View */ = {
			isa = PBXGroup;
			children = (
				B36D54CD285383F5005256AE /* CreateViewController.swift */,
				B36D54CE285383F5005256AE /* CreateViewController.xib */,
			);
			path = View;
			sourceTree = "<group>";
		};
/* End PBXGroup section */

/* Begin PBXNativeTarget section */
		B368886628535BF200DA3E74 /* CoordinatorPatternExampleProject */ = {
			isa = PBXNativeTarget;
			buildConfigurationList = B368889128535BF400DA3E74 /* Build configuration list for PBXNativeTarget "CoordinatorPatternExampleProject" */;
			buildPhases = (
				B368886328535BF200DA3E74 /* Sources */,
				B368886428535BF200DA3E74 /* Frameworks */,
				B368886528535BF200DA3E74 /* Resources */,
			);
			buildRules = (
			);
			dependencies = (
			);
			name = CoordinatorPatternExampleProject;
			productName = CoordinatorPatternExampleProject;
			productReference = B368886728535BF200DA3E74 /* CoordinatorPatternExampleProject.app */;
			productType = "com.apple.product-type.application";
		};
		B368887C28535BF400DA3E74 /* CoordinatorPatternExampleProjectTests */ = {
			isa = PBXNativeTarget;
			buildConfigurationList = B368889428535BF400DA3E74 /* Build configuration list for PBXNativeTarget "CoordinatorPatternExampleProjectTests" */;
			buildPhases = (
				B368887928535BF400DA3E74 /* Sources */,
				B368887A28535BF400DA3E74 /* Frameworks */,
				B368887B28535BF400DA3E74 /* Resources */,
			);
			buildRules = (
			);
			dependencies = (
				B368887F28535BF400DA3E74 /* PBXTargetDependency */,
			);
			name = CoordinatorPatternExampleProjectTests;
			productName = CoordinatorPatternExampleProjectTests;
			productReference = B368887D28535BF400DA3E74 /* CoordinatorPatternExampleProjectTests.xctest */;
			productType = "com.apple.product-type.bundle.unit-test";
		};
		B368888628535BF400DA3E74 /* CoordinatorPatternExampleProjectUITests */ = {
			isa = PBXNativeTarget;
			buildConfigurationList = B368889728535BF400DA3E74 /* Build configuration list for PBXNativeTarget "CoordinatorPatternExampleProjectUITests" */;
			buildPhases = (
				B368888328535BF400DA3E74 /* Sources */,
				B368888428535BF400DA3E74 /* Frameworks */,
				B368888528535BF400DA3E74 /* Resources */,
			);
			buildRules = (
			);
			dependencies = (
				B368888928535BF400DA3E74 /* PBXTargetDependency */,
			);
			name = CoordinatorPatternExampleProjectUITests;
			productName = CoordinatorPatternExampleProjectUITests;
			productReference = B368888728535BF400DA3E74 /* CoordinatorPatternExampleProjectUITests.xctest */;
			productType = "com.apple.product-type.bundle.ui-testing";
		};
/* End PBXNativeTarget section */

/* Begin PBXProject section */
		B368885F28535BF200DA3E74 /* Project object */ = {
			isa = PBXProject;
			attributes = {
				BuildIndependentTargetsInParallel = 1;
				LastSwiftUpdateCheck = 1320;
				LastUpgradeCheck = 1320;
				TargetAttributes = {
					B368886628535BF200DA3E74 = {
						CreatedOnToolsVersion = 13.2.1;
					};
					B368887C28535BF400DA3E74 = {
						CreatedOnToolsVersion = 13.2.1;
						TestTargetID = B368886628535BF200DA3E74;
					};
					B368888628535BF400DA3E74 = {
						CreatedOnToolsVersion = 13.2.1;
						TestTargetID = B368886628535BF200DA3E74;
					};
				};
			};
			buildConfigurationList = B368886228535BF200DA3E74 /* Build configuration list for PBXProject "CoordinatorPatternExampleProject" */;
			compatibilityVersion = "Xcode 13.0";
			developmentRegion = en;
			hasScannedForEncodings = 0;
			knownRegions = (
				en,
				Base,
			);
			mainGroup = B368885E28535BF200DA3E74;
			productRefGroup = B368886828535BF200DA3E74 /* Products */;
			projectDirPath = "";
			projectRoot = "";
			targets = (
				B368886628535BF200DA3E74 /* CoordinatorPatternExampleProject */,
				B368887C28535BF400DA3E74 /* CoordinatorPatternExampleProjectTests */,
				B368888628535BF400DA3E74 /* CoordinatorPatternExampleProjectUITests */,
			);
		};
/* End PBXProject section */

/* Begin PBXResourcesBuildPhase section */
		B368886528535BF200DA3E74 /* Resources */ = {
			isa = PBXResourcesBuildPhase;
			buildActionMask = 2147483647;
			files = (
				B36D54D0285383F5005256AE /* CreateViewController.xib in Resources */,
				B368887728535BF300DA3E74 /* LaunchScreen.storyboard in Resources */,
				B36D54D628538474005256AE /* DetailViewController.xib in Resources */,
				B368887428535BF300DA3E74 /* Assets.xcassets in Resources */,
				B36D54C428538093005256AE /* HomeViewController.xib in Resources */,
			);
			runOnlyForDeploymentPostprocessing = 0;
		};
		B368887B28535BF400DA3E74 /* Resources */ = {
			isa = PBXResourcesBuildPhase;
			buildActionMask = 2147483647;
			files = (
			);
			runOnlyForDeploymentPostprocessing = 0;
		};
		B368888528535BF400DA3E74 /* Resources */ = {
			isa = PBXResourcesBuildPhase;
			buildActionMask = 2147483647;
			files = (
			);
			runOnlyForDeploymentPostprocessing = 0;
		};
/* End PBXResourcesBuildPhase section */

/* Begin PBXSourcesBuildPhase section */
		B368886328535BF200DA3E74 /* Sources */ = {
			isa = PBXSourcesBuildPhase;
			buildActionMask = 2147483647;
			files = (
				B368889C28535C6500DA3E74 /* Coordinator.swift in Sources */,
				B368889E28535CBF00DA3E74 /* AppCoordinator.swift in Sources */,
				B36D54CF285383F5005256AE /* CreateViewController.swift in Sources */,
				B368886B28535BF200DA3E74 /* AppDelegate.swift in Sources */,
				B36D54C328538093005256AE /* HomeViewController.swift in Sources */,
				B36D54D228538409005256AE /* CreateViewCoordinator.swift in Sources */,
				B36D54CA2853835A005256AE /* DetailViewCoordinator.swift in Sources */,
				B36D54D528538474005256AE /* DetailViewController.swift in Sources */,
			);
			runOnlyForDeploymentPostprocessing = 0;
		};
		B368887928535BF400DA3E74 /* Sources */ = {
			isa = PBXSourcesBuildPhase;
			buildActionMask = 2147483647;
			files = (
				B368888228535BF400DA3E74 /* CoordinatorPatternExampleProjectTests.swift in Sources */,
			);
			runOnlyForDeploymentPostprocessing = 0;
		};
		B368888328535BF400DA3E74 /* Sources */ = {
			isa = PBXSourcesBuildPhase;
			buildActionMask = 2147483647;
			files = (
				B368888C28535BF400DA3E74 /* CoordinatorPatternExampleProjectUITests.swift in Sources */,
				B368888E28535BF400DA3E74 /* CoordinatorPatternExampleProjectUITestsLaunchTests.swift in Sources */,
			);
			runOnlyForDeploymentPostprocessing = 0;
		};
/* End PBXSourcesBuildPhase section */

/* Begin PBXTargetDependency section */
		B368887F28535BF400DA3E74 /* PBXTargetDependency */ = {
			isa = PBXTargetDependency;
			target = B368886628535BF200DA3E74 /* CoordinatorPatternExampleProject */;
			targetProxy = B368887E28535BF400DA3E74 /* PBXContainerItemProxy */;
		};
		B368888928535BF400DA3E74 /* PBXTargetDependency */ = {
			isa = PBXTargetDependency;
			target = B368886628535BF200DA3E74 /* CoordinatorPatternExampleProject */;
			targetProxy = B368888828535BF400DA3E74 /* PBXContainerItemProxy */;
		};
/* End PBXTargetDependency section */

/* Begin PBXVariantGroup section */
		B368887528535BF300DA3E74 /* LaunchScreen.storyboard */ = {
			isa = PBXVariantGroup;
			children = (
				B368887628535BF300DA3E74 /* Base */,
			);
			name = LaunchScreen.storyboard;
			sourceTree = "<group>";
		};
/* End PBXVariantGroup section */

/* Begin XCBuildConfiguration section */
		B368888F28535BF400DA3E74 /* Debug */ = {
			isa = XCBuildConfiguration;
			buildSettings = {
				ALWAYS_SEARCH_USER_PATHS = NO;
				CLANG_ANALYZER_NONNULL = YES;
				CLANG_ANALYZER_NUMBER_OBJECT_CONVERSION = YES_AGGRESSIVE;
				CLANG_CXX_LANGUAGE_STANDARD = "gnu++17";
				CLANG_CXX_LIBRARY = "libc++";
				CLANG_ENABLE_MODULES = YES;
				CLANG_ENABLE_OBJC_ARC = YES;
				CLANG_ENABLE_OBJC_WEAK = YES;
				CLANG_WARN_BLOCK_CAPTURE_AUTORELEASING = YES;
				CLANG_WARN_BOOL_CONVERSION = YES;
				CLANG_WARN_COMMA = YES;
				CLANG_WARN_CONSTANT_CONVERSION = YES;
				CLANG_WARN_DEPRECATED_OBJC_IMPLEMENTATIONS = YES;
				CLANG_WARN_DIRECT_OBJC_ISA_USAGE = YES_ERROR;
				CLANG_WARN_DOCUMENTATION_COMMENTS = YES;
				CLANG_WARN_EMPTY_BODY = YES;
				CLANG_WARN_ENUM_CONVERSION = YES;
				CLANG_WARN_INFINITE_RECURSION = YES;
				CLANG_WARN_INT_CONVERSION = YES;
				CLANG_WARN_NON_LITERAL_NULL_CONVERSION = YES;
				CLANG_WARN_OBJC_IMPLICIT_RETAIN_SELF = YES;
				CLANG_WARN_OBJC_LITERAL_CONVERSION = YES;
				CLANG_WARN_OBJC_ROOT_CLASS = YES_ERROR;
				CLANG_WARN_QUOTED_INCLUDE_IN_FRAMEWORK_HEADER = YES;
				CLANG_WARN_RANGE_LOOP_ANALYSIS = YES;
				CLANG_WARN_STRICT_PROTOTYPES = YES;
				CLANG_WARN_SUSPICIOUS_MOVE = YES;
				CLANG_WARN_UNGUARDED_AVAILABILITY = YES_AGGRESSIVE;
				CLANG_WARN_UNREACHABLE_CODE = YES;
				CLANG_WARN__DUPLICATE_METHOD_MATCH = YES;
				COPY_PHASE_STRIP = NO;
				DEBUG_INFORMATION_FORMAT = dwarf;
				ENABLE_STRICT_OBJC_MSGSEND = YES;
				ENABLE_TESTABILITY = YES;
				GCC_C_LANGUAGE_STANDARD = gnu11;
				GCC_DYNAMIC_NO_PIC = NO;
				GCC_NO_COMMON_BLOCKS = YES;
				GCC_OPTIMIZATION_LEVEL = 0;
				GCC_PREPROCESSOR_DEFINITIONS = (
					"DEBUG=1",
					"$(inherited)",
				);
				GCC_WARN_64_TO_32_BIT_CONVERSION = YES;
				GCC_WARN_ABOUT_RETURN_TYPE = YES_ERROR;
				GCC_WARN_UNDECLARED_SELECTOR = YES;
				GCC_WARN_UNINITIALIZED_AUTOS = YES_AGGRESSIVE;
				GCC_WARN_UNUSED_FUNCTION = YES;
				GCC_WARN_UNUSED_VARIABLE = YES;
				IPHONEOS_DEPLOYMENT_TARGET = 12.0;
				MTL_ENABLE_DEBUG_INFO = INCLUDE_SOURCE;
				MTL_FAST_MATH = YES;
				ONLY_ACTIVE_ARCH = YES;
				SDKROOT = iphoneos;
				SWIFT_ACTIVE_COMPILATION_CONDITIONS = DEBUG;
				SWIFT_OPTIMIZATION_LEVEL = "-Onone";
			};
			name = Debug;
		};
		B368889028535BF400DA3E74 /* Release */ = {
			isa = XCBuildConfiguration;
			buildSettings = {
				ALWAYS_SEARCH_USER_PATHS = NO;
				CLANG_ANALYZER_NONNULL = YES;
				CLANG_ANALYZER_NUMBER_OBJECT_CONVERSION = YES_AGGRESSIVE;
				CLANG_CXX_LANGUAGE_STANDARD = "gnu++17";
				CLANG_CXX_LIBRARY = "libc++";
				CLANG_ENABLE_MODULES = YES;
				CLANG_ENABLE_OBJC_ARC = YES;
				CLANG_ENABLE_OBJC_WEAK = YES;
				CLANG_WARN_BLOCK_CAPTURE_AUTORELEASING = YES;
				CLANG_WARN_BOOL_CONVERSION = YES;
				CLANG_WARN_COMMA = YES;
				CLANG_WARN_CONSTANT_CONVERSION = YES;
				CLANG_WARN_DEPRECATED_OBJC_IMPLEMENTATIONS = YES;
				CLANG_WARN_DIRECT_OBJC_ISA_USAGE = YES_ERROR;
				CLANG_WARN_DOCUMENTATION_COMMENTS = YES;
				CLANG_WARN_EMPTY_BODY = YES;
				CLANG_WARN_ENUM_CONVERSION = YES;
				CLANG_WARN_INFINITE_RECURSION = YES;
				CLANG_WARN_INT_CONVERSION = YES;
				CLANG_WARN_NON_LITERAL_NULL_CONVERSION = YES;
				CLANG_WARN_OBJC_IMPLICIT_RETAIN_SELF = YES;
				CLANG_WARN_OBJC_LITERAL_CONVERSION = YES;
				CLANG_WARN_OBJC_ROOT_CLASS = YES_ERROR;
				CLANG_WARN_QUOTED_INCLUDE_IN_FRAMEWORK_HEADER = YES;
				CLANG_WARN_RANGE_LOOP_ANALYSIS = YES;
				CLANG_WARN_STRICT_PROTOTYPES = YES;
				CLANG_WARN_SUSPICIOUS_MOVE = YES;
				CLANG_WARN_UNGUARDED_AVAILABILITY = YES_AGGRESSIVE;
				CLANG_WARN_UNREACHABLE_CODE = YES;
				CLANG_WARN__DUPLICATE_METHOD_MATCH = YES;
				COPY_PHASE_STRIP = NO;
				DEBUG_INFORMATION_FORMAT = "dwarf-with-dsym";
				ENABLE_NS_ASSERTIONS = NO;
				ENABLE_STRICT_OBJC_MSGSEND = YES;
				GCC_C_LANGUAGE_STANDARD = gnu11;
				GCC_NO_COMMON_BLOCKS = YES;
				GCC_WARN_64_TO_32_BIT_CONVERSION = YES;
				GCC_WARN_ABOUT_RETURN_TYPE = YES_ERROR;
				GCC_WARN_UNDECLARED_SELECTOR = YES;
				GCC_WARN_UNINITIALIZED_AUTOS = YES_AGGRESSIVE;
				GCC_WARN_UNUSED_FUNCTION = YES;
				GCC_WARN_UNUSED_VARIABLE = YES;
				IPHONEOS_DEPLOYMENT_TARGET = 12.0;
				MTL_ENABLE_DEBUG_INFO = NO;
				MTL_FAST_MATH = YES;
				SDKROOT = iphoneos;
				SWIFT_COMPILATION_MODE = wholemodule;
				SWIFT_OPTIMIZATION_LEVEL = "-O";
				VALIDATE_PRODUCT = YES;
			};
			name = Release;
		};
		B368889228535BF400DA3E74 /* Debug */ = {
			isa = XCBuildConfiguration;
			buildSettings = {
				ASSETCATALOG_COMPILER_APPICON_NAME = AppIcon;
				ASSETCATALOG_COMPILER_GLOBAL_ACCENT_COLOR_NAME = AccentColor;
				CODE_SIGN_STYLE = Automatic;
				CURRENT_PROJECT_VERSION = 1;
				DEVELOPMENT_TEAM = 3MCKVUYN29;
				GENERATE_INFOPLIST_FILE = YES;
				INFOPLIST_FILE = CoordinatorPatternExampleProject/Info.plist;
				INFOPLIST_KEY_UIApplicationSupportsIndirectInputEvents = YES;
				INFOPLIST_KEY_UILaunchStoryboardName = LaunchScreen;
				INFOPLIST_KEY_UIMainStoryboardFile = LaunchScreen;
				INFOPLIST_KEY_UISupportedInterfaceOrientations = UIInterfaceOrientationPortrait;
				INFOPLIST_KEY_UISupportedInterfaceOrientations_iPad = "UIInterfaceOrientationPortrait UIInterfaceOrientationPortraitUpsideDown UIInterfaceOrientationLandscapeLeft UIInterfaceOrientationLandscapeRight";
				INFOPLIST_KEY_UISupportedInterfaceOrientations_iPhone = "UIInterfaceOrientationPortrait UIInterfaceOrientationLandscapeLeft UIInterfaceOrientationLandscapeRight";
				IPHONEOS_DEPLOYMENT_TARGET = 12.0;
				LD_RUNPATH_SEARCH_PATHS = (
					"$(inherited)",
					"@executable_path/Frameworks",
				);
				MARKETING_VERSION = 1.0;
				PRODUCT_BUNDLE_IDENTIFIER = batuhanbaran.CoordinatorPatternExampleProject;
				PRODUCT_NAME = "$(TARGET_NAME)";
				SWIFT_EMIT_LOC_STRINGS = YES;
				SWIFT_VERSION = 5.0;
				TARGETED_DEVICE_FAMILY = 1;
			};
			name = Debug;
		};
		B368889328535BF400DA3E74 /* Release */ = {
			isa = XCBuildConfiguration;
			buildSettings = {
				ASSETCATALOG_COMPILER_APPICON_NAME = AppIcon;
				ASSETCATALOG_COMPILER_GLOBAL_ACCENT_COLOR_NAME = AccentColor;
				CODE_SIGN_STYLE = Automatic;
				CURRENT_PROJECT_VERSION = 1;
				DEVELOPMENT_TEAM = 3MCKVUYN29;
				GENERATE_INFOPLIST_FILE = YES;
				INFOPLIST_FILE = CoordinatorPatternExampleProject/Info.plist;
				INFOPLIST_KEY_UIApplicationSupportsIndirectInputEvents = YES;
				INFOPLIST_KEY_UILaunchStoryboardName = LaunchScreen;
				INFOPLIST_KEY_UIMainStoryboardFile = LaunchScreen;
				INFOPLIST_KEY_UISupportedInterfaceOrientations = UIInterfaceOrientationPortrait;
				INFOPLIST_KEY_UISupportedInterfaceOrientations_iPad = "UIInterfaceOrientationPortrait UIInterfaceOrientationPortraitUpsideDown UIInterfaceOrientationLandscapeLeft UIInterfaceOrientationLandscapeRight";
				INFOPLIST_KEY_UISupportedInterfaceOrientations_iPhone = "UIInterfaceOrientationPortrait UIInterfaceOrientationLandscapeLeft UIInterfaceOrientationLandscapeRight";
				IPHONEOS_DEPLOYMENT_TARGET = 12.0;
				LD_RUNPATH_SEARCH_PATHS = (
					"$(inherited)",
					"@executable_path/Frameworks",
				);
				MARKETING_VERSION = 1.0;
				PRODUCT_BUNDLE_IDENTIFIER = batuhanbaran.CoordinatorPatternExampleProject;
				PRODUCT_NAME = "$(TARGET_NAME)";
				SWIFT_EMIT_LOC_STRINGS = YES;
				SWIFT_VERSION = 5.0;
				TARGETED_DEVICE_FAMILY = 1;
			};
			name = Release;
		};
		B368889528535BF400DA3E74 /* Debug */ = {
			isa = XCBuildConfiguration;
			buildSettings = {
				ALWAYS_EMBED_SWIFT_STANDARD_LIBRARIES = YES;
				BUNDLE_LOADER = "$(TEST_HOST)";
				CODE_SIGN_STYLE = Automatic;
				CURRENT_PROJECT_VERSION = 1;
				DEVELOPMENT_TEAM = 3MCKVUYN29;
				GENERATE_INFOPLIST_FILE = YES;
				IPHONEOS_DEPLOYMENT_TARGET = 15.2;
				MARKETING_VERSION = 1.0;
				PRODUCT_BUNDLE_IDENTIFIER = batuhanbaran.CoordinatorPatternExampleProjectTests;
				PRODUCT_NAME = "$(TARGET_NAME)";
				SWIFT_EMIT_LOC_STRINGS = NO;
				SWIFT_VERSION = 5.0;
				TARGETED_DEVICE_FAMILY = "1,2";
				TEST_HOST = "$(BUILT_PRODUCTS_DIR)/CoordinatorPatternExampleProject.app/CoordinatorPatternExampleProject";
			};
			name = Debug;
		};
		B368889628535BF400DA3E74 /* Release */ = {
			isa = XCBuildConfiguration;
			buildSettings = {
				ALWAYS_EMBED_SWIFT_STANDARD_LIBRARIES = YES;
				BUNDLE_LOADER = "$(TEST_HOST)";
				CODE_SIGN_STYLE = Automatic;
				CURRENT_PROJECT_VERSION = 1;
				DEVELOPMENT_TEAM = 3MCKVUYN29;
				GENERATE_INFOPLIST_FILE = YES;
				IPHONEOS_DEPLOYMENT_TARGET = 15.2;
				MARKETING_VERSION = 1.0;
				PRODUCT_BUNDLE_IDENTIFIER = batuhanbaran.CoordinatorPatternExampleProjectTests;
				PRODUCT_NAME = "$(TARGET_NAME)";
				SWIFT_EMIT_LOC_STRINGS = NO;
				SWIFT_VERSION = 5.0;
				TARGETED_DEVICE_FAMILY = "1,2";
				TEST_HOST = "$(BUILT_PRODUCTS_DIR)/CoordinatorPatternExampleProject.app/CoordinatorPatternExampleProject";
			};
			name = Release;
		};
		B368889828535BF400DA3E74 /* Debug */ = {
			isa = XCBuildConfiguration;
			buildSettings = {
				ALWAYS_EMBED_SWIFT_STANDARD_LIBRARIES = YES;
				CODE_SIGN_STYLE = Automatic;
				CURRENT_PROJECT_VERSION = 1;
				DEVELOPMENT_TEAM = 3MCKVUYN29;
				GENERATE_INFOPLIST_FILE = YES;
				MARKETING_VERSION = 1.0;
				PRODUCT_BUNDLE_IDENTIFIER = batuhanbaran.CoordinatorPatternExampleProjectUITests;
				PRODUCT_NAME = "$(TARGET_NAME)";
				SWIFT_EMIT_LOC_STRINGS = NO;
				SWIFT_VERSION = 5.0;
				TARGETED_DEVICE_FAMILY = "1,2";
				TEST_TARGET_NAME = CoordinatorPatternExampleProject;
			};
			name = Debug;
		};
		B368889928535BF400DA3E74 /* Release */ = {
			isa = XCBuildConfiguration;
			buildSettings = {
				ALWAYS_EMBED_SWIFT_STANDARD_LIBRARIES = YES;
				CODE_SIGN_STYLE = Automatic;
				CURRENT_PROJECT_VERSION = 1;
				DEVELOPMENT_TEAM = 3MCKVUYN29;
				GENERATE_INFOPLIST_FILE = YES;
				MARKETING_VERSION = 1.0;
				PRODUCT_BUNDLE_IDENTIFIER = batuhanbaran.CoordinatorPatternExampleProjectUITests;
				PRODUCT_NAME = "$(TARGET_NAME)";
				SWIFT_EMIT_LOC_STRINGS = NO;
				SWIFT_VERSION = 5.0;
				TARGETED_DEVICE_FAMILY = "1,2";
				TEST_TARGET_NAME = CoordinatorPatternExampleProject;
			};
			name = Release;
		};
/* End XCBuildConfiguration section */

/* Begin XCConfigurationList section */
		B368886228535BF200DA3E74 /* Build configuration list for PBXProject "CoordinatorPatternExampleProject" */ = {
			isa = XCConfigurationList;
			buildConfigurations = (
				B368888F28535BF400DA3E74 /* Debug */,
				B368889028535BF400DA3E74 /* Release */,
			);
			defaultConfigurationIsVisible = 0;
			defaultConfigurationName = Release;
		};
		B368889128535BF400DA3E74 /* Build configuration list for PBXNativeTarget "CoordinatorPatternExampleProject" */ = {
			isa = XCConfigurationList;
			buildConfigurations = (
				B368889228535BF400DA3E74 /* Debug */,
				B368889328535BF400DA3E74 /* Release */,
			);
			defaultConfigurationIsVisible = 0;
			defaultConfigurationName = Release;
		};
		B368889428535BF400DA3E74 /* Build configuration list for PBXNativeTarget "CoordinatorPatternExampleProjectTests" */ = {
			isa = XCConfigurationList;
			buildConfigurations = (
				B368889528535BF400DA3E74 /* Debug */,
				B368889628535BF400DA3E74 /* Release */,
			);
			defaultConfigurationIsVisible = 0;
			defaultConfigurationName = Release;
		};
		B368889728535BF400DA3E74 /* Build configuration list for PBXNativeTarget "CoordinatorPatternExampleProjectUITests" */ = {
			isa = XCConfigurationList;
			buildConfigurations = (
				B368889828535BF400DA3E74 /* Debug */,
				B368889928535BF400DA3E74 /* Release */,
			);
			defaultConfigurationIsVisible = 0;
			defaultConfigurationName = Release;
		};
/* End XCConfigurationList section */
	};
	rootObject = B368885F28535BF200DA3E74 /* Project object */;
}
